// !$*UTF8*$!
{
	archiveVersion = 1;
	classes = {
	};
	objectVersion = 46;
	objects = {

/* Begin PBXBuildFile section */
		FBDA84EF1A917A7F0050E631 /* Foundation.framework in Frameworks */ = {isa = PBXBuildFile; fileRef = FBDA84EE1A917A7F0050E631 /* Foundation.framework */; };
		FBDA84F11A917A7F0050E631 /* CoreGraphics.framework in Frameworks */ = {isa = PBXBuildFile; fileRef = FBDA84F01A917A7F0050E631 /* CoreGraphics.framework */; };
		FBDA84F31A917A7F0050E631 /* UIKit.framework in Frameworks */ = {isa = PBXBuildFile; fileRef = FBDA84F21A917A7F0050E631 /* UIKit.framework */; };
		FBDA84F91A917A7F0050E631 /* InfoPlist.strings in Resources */ = {isa = PBXBuildFile; fileRef = FBDA84F71A917A7F0050E631 /* InfoPlist.strings */; };
		FBDA84FB1A917A7F0050E631 /* main.m in Sources */ = {isa = PBXBuildFile; fileRef = FBDA84FA1A917A7F0050E631 /* main.m */; };
		FBDA84FF1A917A7F0050E631 /* YYAppDelegate.m in Sources */ = {isa = PBXBuildFile; fileRef = FBDA84FE1A917A7F0050E631 /* YYAppDelegate.m */; };
		FBDA85021A917A7F0050E631 /* Main.storyboard in Resources */ = {isa = PBXBuildFile; fileRef = FBDA85001A917A7F0050E631 /* Main.storyboard */; };
		FBDA85051A917A7F0050E631 /* YYViewController.m in Sources */ = {isa = PBXBuildFile; fileRef = FBDA85041A917A7F0050E631 /* YYViewController.m */; };
		FBDA85071A917A7F0050E631 /* Images.xcassets in Resources */ = {isa = PBXBuildFile; fileRef = FBDA85061A917A7F0050E631 /* Images.xcassets */; };
		FBDA850E1A917A7F0050E631 /* XCTest.framework in Frameworks */ = {isa = PBXBuildFile; fileRef = FBDA850D1A917A7F0050E631 /* XCTest.framework */; };
		FBDA850F1A917A7F0050E631 /* Foundation.framework in Frameworks */ = {isa = PBXBuildFile; fileRef = FBDA84EE1A917A7F0050E631 /* Foundation.framework */; };
		FBDA85101A917A7F0050E631 /* UIKit.framework in Frameworks */ = {isa = PBXBuildFile; fileRef = FBDA84F21A917A7F0050E631 /* UIKit.framework */; };
		FBDA85181A917A7F0050E631 /* InfoPlist.strings in Resources */ = {isa = PBXBuildFile; fileRef = FBDA85161A917A7F0050E631 /* InfoPlist.strings */; };
		FBDA851A1A917A7F0050E631 /* waterFallFlowTests.m in Sources */ = {isa = PBXBuildFile; fileRef = FBDA85191A917A7F0050E631 /* waterFallFlowTests.m */; };
		FBDA85251A917B920050E631 /* YYWaterflowView.m in Sources */ = {isa = PBXBuildFile; fileRef = FBDA85241A917B920050E631 /* YYWaterflowView.m */; };
		FBDA85281A917BE50050E631 /* YYWaterflowViewCell.m in Sources */ = {isa = PBXBuildFile; fileRef = FBDA85271A917BE50050E631 /* YYWaterflowViewCell.m */; };
/* End PBXBuildFile section */

/* Begin PBXContainerItemProxy section */
		FBDA85111A917A7F0050E631 /* PBXContainerItemProxy */ = {
			isa = PBXContainerItemProxy;
			containerPortal = FBDA84E31A917A7F0050E631 /* Project object */;
			proxyType = 1;
			remoteGlobalIDString = FBDA84EA1A917A7F0050E631;
			remoteInfo = waterFallFlow;
		};
/* End PBXContainerItemProxy section */

/* Begin PBXFileReference section */
		FBDA84EB1A917A7F0050E631 /* waterFallFlow.app */ = {isa = PBXFileReference; explicitFileType = wrapper.application; includeInIndex = 0; path = waterFallFlow.app; sourceTree = BUILT_PRODUCTS_DIR; };
		FBDA84EE1A917A7F0050E631 /* Foundation.framework */ = {isa = PBXFileReference; lastKnownFileType = wrapper.framework; name = Foundation.framework; path = System/Library/Frameworks/Foundation.framework; sourceTree = SDKROOT; };
		FBDA84F01A917A7F0050E631 /* CoreGraphics.framework */ = {isa = PBXFileReference; lastKnownFileType = wrapper.framework; name = CoreGraphics.framework; path = System/Library/Frameworks/CoreGraphics.framework; sourceTree = SDKROOT; };
		FBDA84F21A917A7F0050E631 /* UIKit.framework */ = {isa = PBXFileReference; lastKnownFileType = wrapper.framework; name = UIKit.framework; path = System/Library/Frameworks/UIKit.framework; sourceTree = SDKROOT; };
		FBDA84F61A917A7F0050E631 /* waterFallFlow-Info.plist */ = {isa = PBXFileReference; lastKnownFileType = text.plist.xml; path = "waterFallFlow-Info.plist"; sourceTree = "<group>"; };
		FBDA84F81A917A7F0050E631 /* en */ = {isa = PBXFileReference; lastKnownFileType = text.plist.strings; name = en; path = en.lproj/InfoPlist.strings; sourceTree = "<group>"; };
		FBDA84FA1A917A7F0050E631 /* main.m */ = {isa = PBXFileReference; lastKnownFileType = sourcecode.c.objc; path = main.m; sourceTree = "<group>"; };
		FBDA84FC1A917A7F0050E631 /* waterFallFlow-Prefix.pch */ = {isa = PBXFileReference; lastKnownFileType = sourcecode.c.h; path = "waterFallFlow-Prefix.pch"; sourceTree = "<group>"; };
		FBDA84FD1A917A7F0050E631 /* YYAppDelegate.h */ = {isa = PBXFileReference; lastKnownFileType = sourcecode.c.h; path = YYAppDelegate.h; sourceTree = "<group>"; };
		FBDA84FE1A917A7F0050E631 /* YYAppDelegate.m */ = {isa = PBXFileReference; lastKnownFileType = sourcecode.c.objc; path = YYAppDelegate.m; sourceTree = "<group>"; };
		FBDA85011A917A7F0050E631 /* Base */ = {isa = PBXFileReference; lastKnownFileType = file.storyboard; name = Base; path = Base.lproj/Main.storyboard; sourceTree = "<group>"; };
		FBDA85031A917A7F0050E631 /* YYViewController.h */ = {isa = PBXFileReference; lastKnownFileType = sourcecode.c.h; path = YYViewController.h; sourceTree = "<group>"; };
		FBDA85041A917A7F0050E631 /* YYViewController.m */ = {isa = PBXFileReference; lastKnownFileType = sourcecode.c.objc; path = YYViewController.m; sourceTree = "<group>"; };
		FBDA85061A917A7F0050E631 /* Images.xcassets */ = {isa = PBXFileReference; lastKnownFileType = folder.assetcatalog; path = Images.xcassets; sourceTree = "<group>"; };
		FBDA850C1A917A7F0050E631 /* waterFallFlowTests.xctest */ = {isa = PBXFileReference; explicitFileType = wrapper.cfbundle; includeInIndex = 0; path = waterFallFlowTests.xctest; sourceTree = BUILT_PRODUCTS_DIR; };
		FBDA850D1A917A7F0050E631 /* XCTest.framework */ = {isa = PBXFileReference; lastKnownFileType = wrapper.framework; name = XCTest.framework; path = Library/Frameworks/XCTest.framework; sourceTree = DEVELOPER_DIR; };
		FBDA85151A917A7F0050E631 /* waterFallFlowTests-Info.plist */ = {isa = PBXFileReference; lastKnownFileType = text.plist.xml; path = "waterFallFlowTests-Info.plist"; sourceTree = "<group>"; };
		FBDA85171A917A7F0050E631 /* en */ = {isa = PBXFileReference; lastKnownFileType = text.plist.strings; name = en; path = en.lproj/InfoPlist.strings; sourceTree = "<group>"; };
		FBDA85191A917A7F0050E631 /* waterFallFlowTests.m */ = {isa = PBXFileReference; lastKnownFileType = sourcecode.c.objc; path = waterFallFlowTests.m; sourceTree = "<group>"; };
		FBDA85231A917B920050E631 /* YYWaterflowView.h */ = {isa = PBXFileReference; fileEncoding = 4; lastKnownFileType = sourcecode.c.h; path = YYWaterflowView.h; sourceTree = "<group>"; };
		FBDA85241A917B920050E631 /* YYWaterflowView.m */ = {isa = PBXFileReference; fileEncoding = 4; lastKnownFileType = sourcecode.c.objc; path = YYWaterflowView.m; sourceTree = "<group>"; };
		FBDA85261A917BE50050E631 /* YYWaterflowViewCell.h */ = {isa = PBXFileReference; fileEncoding = 4; lastKnownFileType = sourcecode.c.h; path = YYWaterflowViewCell.h; sourceTree = "<group>"; };
		FBDA85271A917BE50050E631 /* YYWaterflowViewCell.m */ = {isa = PBXFileReference; fileEncoding = 4; lastKnownFileType = sourcecode.c.objc; path = YYWaterflowViewCell.m; sourceTree = "<group>"; };
/* End PBXFileReference section */

/* Begin PBXFrameworksBuildPhase section */
		FBDA84E81A917A7F0050E631 /* Frameworks */ = {
			isa = PBXFrameworksBuildPhase;
			buildActionMask = 2147483647;
			files = (
				FBDA84F11A917A7F0050E631 /* CoreGraphics.framework in Frameworks */,
				FBDA84F31A917A7F0050E631 /* UIKit.framework in Frameworks */,
				FBDA84EF1A917A7F0050E631 /* Foundation.framework in Frameworks */,
			);
			runOnlyForDeploymentPostprocessing = 0;
		};
		FBDA85091A917A7F0050E631 /* Frameworks */ = {
			isa = PBXFrameworksBuildPhase;
			buildActionMask = 2147483647;
			files = (
				FBDA850E1A917A7F0050E631 /* XCTest.framework in Frameworks */,
				FBDA85101A917A7F0050E631 /* UIKit.framework in Frameworks */,
				FBDA850F1A917A7F0050E631 /* Foundation.framework in Frameworks */,
			);
			runOnlyForDeploymentPostprocessing = 0;
		};
/* End PBXFrameworksBuildPhase section */

/* Begin PBXGroup section */
		FBDA84E21A917A7F0050E631 = {
			isa = PBXGroup;
			children = (
				FBDA84F41A917A7F0050E631 /* waterFallFlow */,
				FBDA85131A917A7F0050E631 /* waterFallFlowTests */,
				FBDA84ED1A917A7F0050E631 /* Frameworks */,
				FBDA84EC1A917A7F0050E631 /* Products */,
			);
			sourceTree = "<group>";
		};
		FBDA84EC1A917A7F0050E631 /* Products */ = {
			isa = PBXGroup;
			children = (
				FBDA84EB1A917A7F0050E631 /* waterFallFlow.app */,
				FBDA850C1A917A7F0050E631 /* waterFallFlowTests.xctest */,
			);
			name = Products;
			sourceTree = "<group>";
		};
		FBDA84ED1A917A7F0050E631 /* Frameworks */ = {
			isa = PBXGroup;
			children = (
				FBDA84EE1A917A7F0050E631 /* Foundation.framework */,
				FBDA84F01A917A7F0050E631 /* CoreGraphics.framework */,
				FBDA84F21A917A7F0050E631 /* UIKit.framework */,
				FBDA850D1A917A7F0050E631 /* XCTest.framework */,
			);
			name = Frameworks;
			sourceTree = "<group>";
		};
		FBDA84F41A917A7F0050E631 /* waterFallFlow */ = {
			isa = PBXGroup;
			children = (
				FBDA84FD1A917A7F0050E631 /* YYAppDelegate.h */,
				FBDA84FE1A917A7F0050E631 /* YYAppDelegate.m */,
				FBDA85001A917A7F0050E631 /* Main.storyboard */,
				FBDA85031A917A7F0050E631 /* YYViewController.h */,
				FBDA85041A917A7F0050E631 /* YYViewController.m */,
				FBDA85231A917B920050E631 /* YYWaterflowView.h */,
				FBDA85241A917B920050E631 /* YYWaterflowView.m */,
				FBDA85261A917BE50050E631 /* YYWaterflowViewCell.h */,
				FBDA85271A917BE50050E631 /* YYWaterflowViewCell.m */,
				FBDA85061A917A7F0050E631 /* Images.xcassets */,
				FBDA84F51A917A7F0050E631 /* Supporting Files */,
			);
			path = waterFallFlow;
			sourceTree = "<group>";
		};
		FBDA84F51A917A7F0050E631 /* Supporting Files */ = {
			isa = PBXGroup;
			children = (
				FBDA84F61A917A7F0050E631 /* waterFallFlow-Info.plist */,
				FBDA84F71A917A7F0050E631 /* InfoPlist.strings */,
				FBDA84FA1A917A7F0050E631 /* main.m */,
				FBDA84FC1A917A7F0050E631 /* waterFallFlow-Prefix.pch */,
			);
			name = "Supporting Files";
			sourceTree = "<group>";
		};
		FBDA85131A917A7F0050E631 /* waterFallFlowTests */ = {
			isa = PBXGroup;
			children = (
				FBDA85191A917A7F0050E631 /* waterFallFlowTests.m */,
				FBDA85141A917A7F0050E631 /* Supporting Files */,
			);
			path = waterFallFlowTests;
			sourceTree = "<group>";
		};
		FBDA85141A917A7F0050E631 /* Supporting Files */ = {
			isa = PBXGroup;
			children = (
				FBDA85151A917A7F0050E631 /* waterFallFlowTests-Info.plist */,
				FBDA85161A917A7F0050E631 /* InfoPlist.strings */,
			);
			name = "Supporting Files";
			sourceTree = "<group>";
		};
/* End PBXGroup section */

/* Begin PBXNativeTarget section */
		FBDA84EA1A917A7F0050E631 /* waterFallFlow */ = {
			isa = PBXNativeTarget;
			buildConfigurationList = FBDA851D1A917A7F0050E631 /* Build configuration list for PBXNativeTarget "waterFallFlow" */;
			buildPhases = (
				FBDA84E71A917A7F0050E631 /* Sources */,
				FBDA84E81A917A7F0050E631 /* Frameworks */,
				FBDA84E91A917A7F0050E631 /* Resources */,
			);
			buildRules = (
			);
			dependencies = (
			);
			name = waterFallFlow;
			productName = waterFallFlow;
			productReference = FBDA84EB1A917A7F0050E631 /* waterFallFlow.app */;
			productType = "com.apple.product-type.application";
		};
		FBDA850B1A917A7F0050E631 /* waterFallFlowTests */ = {
			isa = PBXNativeTarget;
			buildConfigurationList = FBDA85201A917A7F0050E631 /* Build configuration list for PBXNativeTarget "waterFallFlowTests" */;
			buildPhases = (
				FBDA85081A917A7F0050E631 /* Sources */,
				FBDA85091A917A7F0050E631 /* Frameworks */,
				FBDA850A1A917A7F0050E631 /* Resources */,
			);
			buildRules = (
			);
			dependencies = (
				FBDA85121A917A7F0050E631 /* PBXTargetDependency */,
			);
			name = waterFallFlowTests;
			productName = waterFallFlowTests;
			productReference = FBDA850C1A917A7F0050E631 /* waterFallFlowTests.xctest */;
			productType = "com.apple.product-type.bundle.unit-test";
		};
/* End PBXNativeTarget section */

/* Begin PBXProject section */
		FBDA84E31A917A7F0050E631 /* Project object */ = {
			isa = PBXProject;
			attributes = {
				CLASSPREFIX = YY;
				LastUpgradeCheck = 0510;
				ORGANIZATIONNAME = zx;
				TargetAttributes = {
					FBDA850B1A917A7F0050E631 = {
						TestTargetID = FBDA84EA1A917A7F0050E631;
					};
				};
			};
			buildConfigurationList = FBDA84E61A917A7F0050E631 /* Build configuration list for PBXProject "waterFallFlow" */;
			compatibilityVersion = "Xcode 3.2";
			developmentRegion = English;
			hasScannedForEncodings = 0;
			knownRegions = (
				en,
				Base,
			);
			mainGroup = FBDA84E21A917A7F0050E631;
			productRefGroup = FBDA84EC1A917A7F0050E631 /* Products */;
			projectDirPath = "";
			projectRoot = "";
			targets = (
				FBDA84EA1A917A7F0050E631 /* waterFallFlow */,
				FBDA850B1A917A7F0050E631 /* waterFallFlowTests */,
			);
		};
/* End PBXProject section */

/* Begin PBXResourcesBuildPhase section */
		FBDA84E91A917A7F0050E631 /* Resources */ = {
			isa = PBXResourcesBuildPhase;
			buildActionMask = 2147483647;
			files = (
				FBDA85071A917A7F0050E631 /* Images.xcassets in Resources */,
				FBDA84F91A917A7F0050E631 /* InfoPlist.strings in Resources */,
				FBDA85021A917A7F0050E631 /* Main.storyboard in Resources */,
			);
			runOnlyForDeploymentPostprocessing = 0;
		};
		FBDA850A1A917A7F0050E631 /* Resources */ = {
			isa = PBXResourcesBuildPhase;
			buildActionMask = 2147483647;
			files = (
				FBDA85181A917A7F0050E631 /* InfoPlist.strings in Resources */,
			);
			runOnlyForDeploymentPostprocessing = 0;
		};
/* End PBXResourcesBuildPhase section */

/* Begin PBXSourcesBuildPhase section */
		FBDA84E71A917A7F0050E631 /* Sources */ = {
			isa = PBXSourcesBuildPhase;
			buildActionMask = 2147483647;
			files = (
				FBDA85251A917B920050E631 /* YYWaterflowView.m in Sources */,
				FBDA85281A917BE50050E631 /* YYWaterflowViewCell.m in Sources */,
				FBDA85051A917A7F0050E631 /* YYViewController.m in Sources */,
				FBDA84FF1A917A7F0050E631 /* YYAppDelegate.m in Sources */,
				FBDA84FB1A917A7F0050E631 /* main.m in Sources */,
			);
			runOnlyForDeploymentPostprocessing = 0;
		};
		FBDA85081A917A7F0050E631 /* Sources */ = {
			isa = PBXSourcesBuildPhase;
			buildActionMask = 2147483647;
			files = (
				FBDA851A1A917A7F0050E631 /* waterFallFlowTests.m in Sources */,
			);
			runOnlyForDeploymentPostprocessing = 0;
		};
/* End PBXSourcesBuildPhase section */

/* Begin PBXTargetDependency section */
		FBDA85121A917A7F0050E631 /* PBXTargetDependency */ = {
			isa = PBXTargetDependency;
			target = FBDA84EA1A917A7F0050E631 /* waterFallFlow */;
			targetProxy = FBDA85111A917A7F0050E631 /* PBXContainerItemProxy */;
		};
/* End PBXTargetDependency section */

/* Begin PBXVariantGroup section */
		FBDA84F71A917A7F0050E631 /* InfoPlist.strings */ = {
			isa = PBXVariantGroup;
			children = (
				FBDA84F81A917A7F0050E631 /* en */,
			);
			name = InfoPlist.strings;
			sourceTree = "<group>";
		};
		FBDA85001A917A7F0050E631 /* Main.storyboard */ = {
			isa = PBXVariantGroup;
			children = (
				FBDA85011A917A7F0050E631 /* Base */,
			);
			name = Main.storyboard;
			sourceTree = "<group>";
		};
		FBDA85161A917A7F0050E631 /* InfoPlist.strings */ = {
			isa = PBXVariantGroup;
			children = (
				FBDA85171A917A7F0050E631 /* en */,
			);
			name = InfoPlist.strings;
			sourceTree = "<group>";
		};
/* End PBXVariantGroup section */

/* Begin XCBuildConfiguration section */
		FBDA851B1A917A7F0050E631 /* Debug */ = {
			isa = XCBuildConfiguration;
			buildSettings = {
				ALWAYS_SEARCH_USER_PATHS = NO;
				CLANG_CXX_LANGUAGE_STANDARD = "gnu++0x";
				CLANG_CXX_LIBRARY = "libc++";
				CLANG_ENABLE_MODULES = YES;
				CLANG_ENABLE_OBJC_ARC = YES;
				CLANG_WARN_BOOL_CONVERSION = YES;
				CLANG_WARN_CONSTANT_CONVERSION = YES;
				CLANG_WARN_DIRECT_OBJC_ISA_USAGE = YES_ERROR;
				CLANG_WARN_EMPTY_BODY = YES;
				CLANG_WARN_ENUM_CONVERSION = YES;
				CLANG_WARN_INT_CONVERSION = YES;
				CLANG_WARN_OBJC_ROOT_CLASS = YES_ERROR;
				CLANG_WARN__DUPLICATE_METHOD_MATCH = YES;
				"CODE_SIGN_IDENTITY[sdk=iphoneos*]" = "iPhone Developer";
				COPY_PHASE_STRIP = NO;
				GCC_C_LANGUAGE_STANDARD = gnu99;
				GCC_DYNAMIC_NO_PIC = NO;
				GCC_OPTIMIZATION_LEVEL = 0;
				GCC_PREPROCESSOR_DEFINITIONS = (
					"DEBUG=1",
					"$(inherited)",
				);
				GCC_SYMBOLS_PRIVATE_EXTERN = NO;
				GCC_WARN_64_TO_32_BIT_CONVERSION = YES;
				GCC_WARN_ABOUT_RETURN_TYPE = YES_ERROR;
				GCC_WARN_UNDECLARED_SELECTOR = YES;
				GCC_WARN_UNINITIALIZED_AUTOS = YES_AGGRESSIVE;
				GCC_WARN_UNUSED_FUNCTION = YES;
				GCC_WARN_UNUSED_VARIABLE = YES;
				IPHONEOS_DEPLOYMENT_TARGET = 7.1;
				ONLY_ACTIVE_ARCH = YES;
				SDKROOT = iphoneos;
			};
			name = Debug;
		};
		FBDA851C1A917A7F0050E631 /* Release */ = {
			isa = XCBuildConfiguration;
			buildSettings = {
				ALWAYS_SEARCH_USER_PATHS = NO;
				CLANG_CXX_LANGUAGE_STANDARD = "gnu++0x";
				CLANG_CXX_LIBRARY = "libc++";
				CLANG_ENABLE_MODULES = YES;
				CLANG_ENABLE_OBJC_ARC = YES;
				CLANG_WARN_BOOL_CONVERSION = YES;
				CLANG_WARN_CONSTANT_CONVERSION = YES;
				CLANG_WARN_DIRECT_OBJC_ISA_USAGE = YES_ERROR;
				CLANG_WARN_EMPTY_BODY = YES;
				CLANG_WARN_ENUM_CONVERSION = YES;
				CLANG_WARN_INT_CONVERSION = YES;
				CLANG_WARN_OBJC_ROOT_CLASS = YES_ERROR;
				CLANG_WARN__DUPLICATE_METHOD_MATCH = YES;
				"CODE_SIGN_IDENTITY[sdk=iphoneos*]" = "iPhone Developer";
				COPY_PHASE_STRIP = YES;
				ENABLE_NS_ASSERTIONS = NO;
				GCC_C_LANGUAGE_STANDARD = gnu99;
				GCC_WARN_64_TO_32_BIT_CONVERSION = YES;
				GCC_WARN_ABOUT_RETURN_TYPE = YES_ERROR;
				GCC_WARN_UNDECLARED_SELECTOR = YES;
				GCC_WARN_UNINITIALIZED_AUTOS = YES_AGGRESSIVE;
				GCC_WARN_UNUSED_FUNCTION = YES;
				GCC_WARN_UNUSED_VARIABLE = YES;
				IPHONEOS_DEPLOYMENT_TARGET = 7.1;
				SDKROOT = iphoneos;
				VALIDATE_PRODUCT = YES;
			};
			name = Release;
		};
		FBDA851E1A917A7F0050E631 /* Debug */ = {
			isa = XCBuildConfiguration;
			buildSettings = {
				ASSETCATALOG_COMPILER_APPICON_NAME = AppIcon;
				ASSETCATALOG_COMPILER_LAUNCHIMAGE_NAME = LaunchImage;
				GCC_PRECOMPILE_PREFIX_HEADER = YES;
				GCC_PREFIX_HEADER = "waterFallFlow/waterFallFlow-Prefix.pch";
				INFOPLIST_FILE = "waterFallFlow/waterFallFlow-Info.plist";
				PRODUCT_NAME = "$(TARGET_NAME)";
				WRAPPER_EXTENSION = app;
			};
			name = Debug;
		};
		FBDA851F1A917A7F0050E631 /* Release */ = {
			isa = XCBuildConfiguration;
			buildSettings = {
				ASSETCATALOG_COMPILER_APPICON_NAME = AppIcon;
				ASSETCATALOG_COMPILER_LAUNCHIMAGE_NAME = LaunchImage;
				GCC_PRECOMPILE_PREFIX_HEADER = YES;
				GCC_PREFIX_HEADER = "waterFallFlow/waterFallFlow-Prefix.pch";
				INFOPLIST_FILE = "waterFallFlow/waterFallFlow-Info.plist";
				PRODUCT_NAME = "$(TARGET_NAME)";
				WRAPPER_EXTENSION = app;
			};
			name = Release;
		};
		FBDA85211A917A7F0050E631 /* Debug */ = {
			isa = XCBuildConfiguration;
			buildSettings = {
				BUNDLE_LOADER = "$(BUILT_PRODUCTS_DIR)/waterFallFlow.app/waterFallFlow";
				FRAMEWORK_SEARCH_PATHS = (
					"$(SDKROOT)/Developer/Library/Frameworks",
					"$(inherited)",
					"$(DEVELOPER_FRAMEWORKS_DIR)",
				);
				GCC_PRECOMPILE_PREFIX_HEADER = YES;
				GCC_PREFIX_HEADER = "waterFallFlow/waterFallFlow-Prefix.pch";
				GCC_PREPROCESSOR_DEFINITIONS = (
					"DEBUG=1",
					"$(inherited)",
				);
				INFOPLIST_FILE = "waterFallFlowTests/waterFallFlowTests-Info.plist";
				PRODUCT_NAME = "$(TARGET_NAME)";
				TEST_HOST = "$(BUNDLE_LOADER)";
				WRAPPER_EXTENSION = xctest;
			};
			name = Debug;
		};
		FBDA85221A917A7F0050E631 /* Release */ = {
			isa = XCBuildConfiguration;
			buildSettings = {
				BUNDLE_LOADER = "$(BUILT_PRODUCTS_DIR)/waterFallFlow.app/waterFallFlow";
				FRAMEWORK_SEARCH_PATHS = (
					"$(SDKROOT)/Developer/Library/Frameworks",
					"$(inherited)",
					"$(DEVELOPER_FRAMEWORKS_DIR)",
				);
				GCC_PRECOMPILE_PREFIX_HEADER = YES;
				GCC_PREFIX_HEADER = "waterFallFlow/waterFallFlow-Prefix.pch";
				INFOPLIST_FILE = "waterFallFlowTests/waterFallFlowTests-Info.plist";
				PRODUCT_NAME = "$(TARGET_NAME)";
				TEST_HOST = "$(BUNDLE_LOADER)";
				WRAPPER_EXTENSION = xctest;
			};
			name = Release;
		};
/* End XCBuildConfiguration section */

/* Begin XCConfigurationList section */
		FBDA84E61A917A7F0050E631 /* Build configuration list for PBXProject "waterFallFlow" */ = {
			isa = XCConfigurationList;
			buildConfigurations = (
				FBDA851B1A917A7F0050E631 /* Debug */,
				FBDA851C1A917A7F0050E631 /* Release */,
			);
			defaultConfigurationIsVisible = 0;
			defaultConfigurationName = Release;
		};
		FBDA851D1A917A7F0050E631 /* Build configuration list for PBXNativeTarget "waterFallFlow" */ = {
			isa = XCConfigurationList;
			buildConfigurations = (
				FBDA851E1A917A7F0050E631 /* Debug */,
				FBDA851F1A917A7F0050E631 /* Release */,
			);
			defaultConfigurationIsVisible = 0;
		};
		FBDA85201A917A7F0050E631 /* Build configuration list for PBXNativeTarget "waterFallFlowTests" */ = {
			isa = XCConfigurationList;
			buildConfigurations = (
				FBDA85211A917A7F0050E631 /* Debug */,
				FBDA85221A917A7F0050E631 /* Release */,
			);
			defaultConfigurationIsVisible = 0;
		};
/* End XCConfigurationList section */
	};
	rootObject = FBDA84E31A917A7F0050E631 /* Project object */;
}
